
Microsoft Visual Studio Solution File, Format Version 12.00
Project("{FAE04EC0-301F-11D3-BF4B-00C04F79EFBC}") = "WrittenTest", "WrittenTest\WrittenTest.csproj", "{F1CA6243-BC39-47FC-A8BC-A80DAC6B23CA}"
EndProject
Project("{FAE04EC0-301F-11D3-BF4B-00C04F79EFBC}") = "WrittenTest.TestProject", "WrittenTest.TestProject\WrittenTest.TestProject.csproj", "{AB4D5F2C-6712-44D1-87D6-CABDE5F0041B}"
EndProject
Global
	GlobalSection(SolutionConfigurationPlatforms) = preSolution
		Debug|Any CPU = Debug|Any CPU
		Release|Any CPU = Release|Any CPU
	EndGlobalSection
	GlobalSection(ProjectConfigurationPlatforms) = postSolution
		{F1CA6243-BC39-47FC-A8BC-A80DAC6B23CA}.Debug|Any CPU.ActiveCfg = Debug|Any CPU
		{F1CA6243-BC39-47FC-A8BC-A80DAC6B23CA}.Debug|Any CPU.Build.0 = Debug|Any CPU
		{F1CA6243-BC39-47FC-A8BC-A80DAC6B23CA}.Release|Any CPU.ActiveCfg = Release|Any CPU
		{F1CA6243-BC39-47FC-A8BC-A80DAC6B23CA}.Release|Any CPU.Build.0 = Release|Any CPU
		{AB4D5F2C-6712-44D1-87D6-CABDE5F0041B}.Debug|Any CPU.ActiveCfg = Debug|Any CPU
		{AB4D5F2C-6712-44D1-87D6-CABDE5F0041B}.Debug|Any CPU.Build.0 = Debug|Any CPU
		{AB4D5F2C-6712-44D1-87D6-CABDE5F0041B}.Release|Any CPU.ActiveCfg = Release|Any CPU
		{AB4D5F2C-6712-44D1-87D6-CABDE5F0041B}.Release|Any CPU.Build.0 = Release|Any CPU
	EndGlobalSection
EndGlobal
